<?xml version="1.0" encoding="utf-8"?>
<Project ToolsVersion="4.0" xmlns="http://schemas.microsoft.com/developer/msbuild/2003">
  <ItemGroup>
    <Filter Include="Source Files">
      <UniqueIdentifier>{4FC737F1-C7A5-4376-A066-2A32D752A2FF}</UniqueIdentifier>
      <Extensions>cpp;c;cc;cxx;c++;cppm;ixx;def;odl;idl;hpj;bat;asm;asmx</Extensions>
    </Filter>
    <Filter Include="Header Files">
      <UniqueIdentifier>{93995380-89BD-4b04-88EB-625FBE52EBFB}</UniqueIdentifier>
      <Extensions>h;hh;hpp;hxx;h++;hm;inl;inc;ipp;xsd</Extensions>
    </Filter>
    <Filter Include="Resource Files">
      <UniqueIdentifier>{67DA6AB6-F800-4c08-8B7A-83BB121AAD01}</UniqueIdentifier>
      <Extensions>rc;ico;cur;bmp;dlg;rc2;rct;bin;rgs;gif;jpg;jpeg;jpe;resx;tiff;tif;png;wav;mfcribbon-ms</Extensions>
    </Filter>
  </ItemGroup>
  <ItemGroup>
    <ClInclude Include="angelscript.h">
      <Filter>Header Files</Filter>
    </ClInclude>
    <ClInclude Include="ngt.h">
      <Filter>Header Files</Filter>
    </ClInclude>
    <ClInclude Include="scriptstdstring\scriptstdstring.h">
      <Filter>Header Files</Filter>
    </ClInclude>
    <ClInclude Include="scriptbuilder\scriptbuilder.h">
      <Filter>Header Files</Filter>
    </ClInclude>
    <ClInclude Include="ngtreg.h">
      <Filter>Header Files</Filter>
    </ClInclude>
    <ClInclude Include="datetime\datetime.h">
      <Filter>Header Files</Filter>
    </ClInclude>
    <ClInclude Include="scriptany\scriptany.h">
      <Filter>Header Files</Filter>
    </ClInclude>
    <ClInclude Include="scriptarray\scriptarray.h">
      <Filter>Header Files</Filter>
    </ClInclude>
    <ClInclude Include="scriptdictionary\scriptdictionary.h">
      <Filter>Header Files</Filter>
    </ClInclude>
    <ClInclude Include="scriptfile\scriptfile.h">
      <Filter>Header Files</Filter>
    </ClInclude>
    <ClInclude Include="scriptfile\scriptfilesystem.h">
      <Filter>Header Files</Filter>
    </ClInclude>
    <ClInclude Include="scriptgrid\scriptgrid.h">
      <Filter>Header Files</Filter>
    </ClInclude>
    <ClInclude Include="scripthandle\scripthandle.h">
      <Filter>Header Files</Filter>
    </ClInclude>
    <ClInclude Include="scripthelper\scripthelper.h">
      <Filter>Header Files</Filter>
    </ClInclude>
    <ClInclude Include="scriptmath\scriptmathcomplex.h">
      <Filter>Header Files</Filter>
    </ClInclude>
    <ClInclude Include="scriptmath\scriptmath.h">
      <Filter>Header Files</Filter>
    </ClInclude>
    <ClInclude Include="serializer\serializer.h">
      <Filter>Header Files</Filter>
    </ClInclude>
    <ClInclude Include="autowrapper\aswrappedcall.h">
      <Filter>Header Files</Filter>
    </ClInclude>
    <ClInclude Include="Tolk.h">
      <Filter>Header Files</Filter>
    </ClInclude>
    <ClInclude Include="SDL_net.h">
      <Filter>Header Files</Filter>
    </ClInclude>
    <ClInclude Include="sdl\begin_code.h">
      <Filter>Header Files</Filter>
    </ClInclude>
    <ClInclude Include="sdl\SDL.h">
      <Filter>Header Files</Filter>
    </ClInclude>
    <ClInclude Include="sdl\SDL_assert.h">
      <Filter>Header Files</Filter>
    </ClInclude>
    <ClInclude Include="sdl\SDL_atomic.h">
      <Filter>Header Files</Filter>
    </ClInclude>
    <ClInclude Include="sdl\SDL_audio.h">
      <Filter>Header Files</Filter>
    </ClInclude>
    <ClInclude Include="sdl\SDL_bits.h">
      <Filter>Header Files</Filter>
    </ClInclude>
    <ClInclude Include="sdl\SDL_blendmode.h">
      <Filter>Header Files</Filter>
    </ClInclude>
    <ClInclude Include="sdl\SDL_clipboard.h">
      <Filter>Header Files</Filter>
    </ClInclude>
    <ClInclude Include="sdl\SDL_config.h">
      <Filter>Header Files</Filter>
    </ClInclude>
    <ClInclude Include="sdl\SDL_cpuinfo.h">
      <Filter>Header Files</Filter>
    </ClInclude>
    <ClInclude Include="sdl\SDL_egl.h">
      <Filter>Header Files</Filter>
    </ClInclude>
    <ClInclude Include="sdl\SDL_endian.h">
      <Filter>Header Files</Filter>
    </ClInclude>
    <ClInclude Include="sdl\SDL_error.h">
      <Filter>Header Files</Filter>
    </ClInclude>
    <ClInclude Include="sdl\SDL_events.h">
      <Filter>Header Files</Filter>
    </ClInclude>
    <ClInclude Include="sdl\SDL_filesystem.h">
      <Filter>Header Files</Filter>
    </ClInclude>
    <ClInclude Include="sdl\SDL_gamecontroller.h">
      <Filter>Header Files</Filter>
    </ClInclude>
    <ClInclude Include="sdl\SDL_gesture.h">
      <Filter>Header Files</Filter>
    </ClInclude>
    <ClInclude Include="sdl\SDL_guid.h">
      <Filter>Header Files</Filter>
    </ClInclude>
    <ClInclude Include="sdl\SDL_haptic.h">
      <Filter>Header Files</Filter>
    </ClInclude>
    <ClInclude Include="sdl\SDL_hidapi.h">
      <Filter>Header Files</Filter>
    </ClInclude>
    <ClInclude Include="sdl\SDL_hints.h">
      <Filter>Header Files</Filter>
    </ClInclude>
    <ClInclude Include="sdl\SDL_joystick.h">
      <Filter>Header Files</Filter>
    </ClInclude>
    <ClInclude Include="sdl\SDL_keyboard.h">
      <Filter>Header Files</Filter>
    </ClInclude>
    <ClInclude Include="sdl\SDL_keycode.h">
      <Filter>Header Files</Filter>
    </ClInclude>
    <ClInclude Include="sdl\SDL_loadso.h">
      <Filter>Header Files</Filter>
    </ClInclude>
    <ClInclude Include="sdl\SDL_locale.h">
      <Filter>Header Files</Filter>
    </ClInclude>
    <ClInclude Include="sdl\SDL_log.h">
      <Filter>Header Files</Filter>
    </ClInclude>
    <ClInclude Include="sdl\SDL_main.h">
      <Filter>Header Files</Filter>
    </ClInclude>
    <ClInclude Include="sdl\SDL_messagebox.h">
      <Filter>Header Files</Filter>
    </ClInclude>
    <ClInclude Include="sdl\SDL_metal.h">
      <Filter>Header Files</Filter>
    </ClInclude>
    <ClInclude Include="sdl\SDL_misc.h">
      <Filter>Header Files</Filter>
    </ClInclude>
    <ClInclude Include="sdl\SDL_mouse.h">
      <Filter>Header Files</Filter>
    </ClInclude>
    <ClInclude Include="sdl\SDL_mutex.h">
      <Filter>Header Files</Filter>
    </ClInclude>
    <ClInclude Include="sdl\SDL_name.h">
      <Filter>Header Files</Filter>
    </ClInclude>
    <ClInclude Include="sdl\SDL_opengl.h">
      <Filter>Header Files</Filter>
    </ClInclude>
    <ClInclude Include="sdl\SDL_opengl_glext.h">
      <Filter>Header Files</Filter>
    </ClInclude>
    <ClInclude Include="sdl\SDL_opengles.h">
      <Filter>Header Files</Filter>
    </ClInclude>
    <ClInclude Include="sdl\SDL_opengles2.h">
      <Filter>Header Files</Filter>
    </ClInclude>
    <ClInclude Include="sdl\SDL_opengles2_gl2.h">
      <Filter>Header Files</Filter>
    </ClInclude>
    <ClInclude Include="sdl\SDL_opengles2_gl2ext.h">
      <Filter>Header Files</Filter>
    </ClInclude>
    <ClInclude Include="sdl\SDL_opengles2_gl2platform.h">
      <Filter>Header Files</Filter>
    </ClInclude>
    <ClInclude Include="sdl\SDL_opengles2_khrplatform.h">
      <Filter>Header Files</Filter>
    </ClInclude>
    <ClInclude Include="sdl\SDL_pixels.h">
      <Filter>Header Files</Filter>
    </ClInclude>
    <ClInclude Include="sdl\SDL_platform.h">
      <Filter>Header Files</Filter>
    </ClInclude>
    <ClInclude Include="sdl\SDL_power.h">
      <Filter>Header Files</Filter>
    </ClInclude>
    <ClInclude Include="sdl\SDL_quit.h">
      <Filter>Header Files</Filter>
    </ClInclude>
    <ClInclude Include="sdl\SDL_rect.h">
      <Filter>Header Files</Filter>
    </ClInclude>
    <ClInclude Include="sdl\SDL_render.h">
      <Filter>Header Files</Filter>
    </ClInclude>
    <ClInclude Include="sdl\SDL_revision.h">
      <Filter>Header Files</Filter>
    </ClInclude>
    <ClInclude Include="sdl\SDL_rwops.h">
      <Filter>Header Files</Filter>
    </ClInclude>
    <ClInclude Include="sdl\SDL_scancode.h">
      <Filter>Header Files</Filter>
    </ClInclude>
    <ClInclude Include="sdl\SDL_sensor.h">
      <Filter>Header Files</Filter>
    </ClInclude>
    <ClInclude Include="sdl\SDL_shape.h">
      <Filter>Header Files</Filter>
    </ClInclude>
    <ClInclude Include="sdl\SDL_stdinc.h">
      <Filter>Header Files</Filter>
    </ClInclude>
    <ClInclude Include="sdl\SDL_surface.h">
      <Filter>Header Files</Filter>
    </ClInclude>
    <ClInclude Include="sdl\SDL_system.h">
      <Filter>Header Files</Filter>
    </ClInclude>
    <ClInclude Include="sdl\SDL_syswm.h">
      <Filter>Header Files</Filter>
    </ClInclude>
    <ClInclude Include="sdl\SDL_test.h">
      <Filter>Header Files</Filter>
    </ClInclude>
    <ClInclude Include="sdl\SDL_test_assert.h">
      <Filter>Header Files</Filter>
    </ClInclude>
    <ClInclude Include="sdl\SDL_test_common.h">
      <Filter>Header Files</Filter>
    </ClInclude>
    <ClInclude Include="sdl\SDL_test_compare.h">
      <Filter>Header Files</Filter>
    </ClInclude>
    <ClInclude Include="sdl\SDL_test_crc32.h">
      <Filter>Header Files</Filter>
    </ClInclude>
    <ClInclude Include="sdl\SDL_test_font.h">
      <Filter>Header Files</Filter>
    </ClInclude>
    <ClInclude Include="sdl\SDL_test_fuzzer.h">
      <Filter>Header Files</Filter>
    </ClInclude>
    <ClInclude Include="sdl\SDL_test_harness.h">
      <Filter>Header Files</Filter>
    </ClInclude>
    <ClInclude Include="sdl\SDL_test_images.h">
      <Filter>Header Files</Filter>
    </ClInclude>
    <ClInclude Include="sdl\SDL_test_log.h">
      <Filter>Header Files</Filter>
    </ClInclude>
    <ClInclude Include="sdl\SDL_test_md5.h">
      <Filter>Header Files</Filter>
    </ClInclude>
    <ClInclude Include="sdl\SDL_test_memory.h">
      <Filter>Header Files</Filter>
    </ClInclude>
    <ClInclude Include="sdl\SDL_test_random.h">
      <Filter>Header Files</Filter>
    </ClInclude>
    <ClInclude Include="sdl\SDL_thread.h">
      <Filter>Header Files</Filter>
    </ClInclude>
    <ClInclude Include="sdl\SDL_timer.h">
      <Filter>Header Files</Filter>
    </ClInclude>
    <ClInclude Include="sdl\SDL_touch.h">
      <Filter>Header Files</Filter>
    </ClInclude>
    <ClInclude Include="sdl\SDL_types.h">
      <Filter>Header Files</Filter>
    </ClInclude>
    <ClInclude Include="sdl\SDL_version.h">
      <Filter>Header Files</Filter>
    </ClInclude>
    <ClInclude Include="sdl\SDL_video.h">
      <Filter>Header Files</Filter>
    </ClInclude>
    <ClInclude Include="sdl\SDL_vulkan.h">
      <Filter>Header Files</Filter>
    </ClInclude>
    <ClInclude Include="vorbisfile.h">
      <Filter>Header Files</Filter>
    </ClInclude>
    <ClInclude Include="vorbis\codec.h">
      <Filter>Header Files</Filter>
    </ClInclude>
    <ClInclude Include="vorbis\vorbisenc.h">
      <Filter>Header Files</Filter>
    </ClInclude>
    <ClInclude Include="vorbis\vorbisfile.h">
      <Filter>Header Files</Filter>
    </ClInclude>
    <ClInclude Include="ogg\ogg.h">
      <Filter>Header Files</Filter>
    </ClInclude>
    <ClInclude Include="ogg\os_types.h">
      <Filter>Header Files</Filter>
    </ClInclude>
    <ClInclude Include="ffi.h">
      <Filter>Header Files</Filter>
    </ClInclude>
    <ClInclude Include="ffi_cfi.h">
      <Filter>Header Files</Filter>
    </ClInclude>
    <ClInclude Include="ffi_common.h">
      <Filter>Header Files</Filter>
    </ClInclude>
    <ClInclude Include="uni_algo.h">
      <Filter>Header Files</Filter>
    </ClInclude>
    <ClInclude Include="resource.h">
      <Filter>Header Files</Filter>
    </ClInclude>
    <ClInclude Include="AL\al.h">
      <Filter>Header Files</Filter>
    </ClInclude>
    <ClInclude Include="AL\alc.h">
      <Filter>Header Files</Filter>
    </ClInclude>
    <ClInclude Include="AL\alext.h">
      <Filter>Header Files</Filter>
    </ClInclude>
    <ClInclude Include="AL\efx.h">
      <Filter>Header Files</Filter>
    </ClInclude>
    <ClInclude Include="AL\efx-creative.h">
      <Filter>Header Files</Filter>
    </ClInclude>
    <ClInclude Include="AL\efx-presets.h">
      <Filter>Header Files</Filter>
    </ClInclude>
    <ClInclude Include="sndfile.h">
      <Filter>Header Files</Filter>
    </ClInclude>
    <ClInclude Include="enet\callbacks.h">
      <Filter>Header Files</Filter>
    </ClInclude>
    <ClInclude Include="enet\enet.h">
      <Filter>Header Files</Filter>
    </ClInclude>
    <ClInclude Include="enet\list.h">
      <Filter>Header Files</Filter>
    </ClInclude>
    <ClInclude Include="enet\protocol.h">
      <Filter>Header Files</Filter>
    </ClInclude>
    <ClInclude Include="enet\time.h">
      <Filter>Header Files</Filter>
    </ClInclude>
    <ClInclude Include="enet\types.h">
      <Filter>Header Files</Filter>
    </ClInclude>
    <ClInclude Include="enet\unix.h">
      <Filter>Header Files</Filter>
    </ClInclude>
    <ClInclude Include="enet\utility.h">
      <Filter>Header Files</Filter>
    </ClInclude>
    <ClInclude Include="enet\win32.h">
      <Filter>Header Files</Filter>
    </ClInclude>
    <ClInclude Include="reverb\reverb.h">
      <Filter>Header Files</Filter>
    </ClInclude>
    <ClInclude Include="reverb\verblib.h">
      <Filter>Header Files</Filter>
    </ClInclude>
    <ClInclude Include="sqlite3.h">
      <Filter>Header Files</Filter>
    </ClInclude>
    <ClInclude Include="sound.h">
      <Filter>Header Files</Filter>
    </ClInclude>
    <ClInclude Include="phonon.h">
      <Filter>Header Files</Filter>
    </ClInclude>
    <ClInclude Include="phonon_interfaces.h">
      <Filter>Header Files</Filter>
    </ClInclude>
    <ClInclude Include="phonon_version.h">
      <Filter>Header Files</Filter>
    </ClInclude>
    <ClInclude Include="debugger\debugger.h">
      <Filter>Header Files</Filter>
    </ClInclude>
    <ClInclude Include="LabSound.h">
      <Filter>Header Files</Filter>
    </ClInclude>
    <ClInclude Include="LabSound\backends\AudioDevice_Miniaudio.h">
      <Filter>Header Files</Filter>
    </ClInclude>
    <ClInclude Include="LabSound\backends\AudioDevice_RtAudio.h">
      <Filter>Header Files</Filter>
    </ClInclude>
    <ClInclude Include="LabSound\core\AnalyserNode.h">
      <Filter>Header Files</Filter>
    </ClInclude>
    <ClInclude Include="LabSound\core\AudioArray.h">
      <Filter>Header Files</Filter>
    </ClInclude>
    <ClInclude Include="LabSound\core\AudioBasicInspectorNode.h">
      <Filter>Header Files</Filter>
    </ClInclude>
    <ClInclude Include="LabSound\core\AudioBasicProcessorNode.h">
      <Filter>Header Files</Filter>
    </ClInclude>
    <ClInclude Include="LabSound\core\AudioBus.h">
      <Filter>Header Files</Filter>
    </ClInclude>
    <ClInclude Include="LabSound\core\AudioChannel.h">
      <Filter>Header Files</Filter>
    </ClInclude>
    <ClInclude Include="LabSound\core\AudioContext.h">
      <Filter>Header Files</Filter>
    </ClInclude>
    <ClInclude Include="LabSound\core\AudioDevice.h">
      <Filter>Header Files</Filter>
    </ClInclude>
    <ClInclude Include="LabSound\core\AudioHardwareInputNode.h">
      <Filter>Header Files</Filter>
    </ClInclude>
    <ClInclude Include="LabSound\core\AudioListener.h">
      <Filter>Header Files</Filter>
    </ClInclude>
    <ClInclude Include="LabSound\core\AudioNode.h">
      <Filter>Header Files</Filter>
    </ClInclude>
    <ClInclude Include="LabSound\core\AudioNodeDescriptor.h">
      <Filter>Header Files</Filter>
    </ClInclude>
    <ClInclude Include="LabSound\core\AudioNodeInput.h">
      <Filter>Header Files</Filter>
    </ClInclude>
    <ClInclude Include="LabSound\core\AudioNodeOutput.h">
      <Filter>Header Files</Filter>
    </ClInclude>
    <ClInclude Include="LabSound\core\AudioNodeScheduler.h">
      <Filter>Header Files</Filter>
    </ClInclude>
    <ClInclude Include="LabSound\core\AudioParam.h">
      <Filter>Header Files</Filter>
    </ClInclude>
    <ClInclude Include="LabSound\core\AudioParamDescriptor.h">
      <Filter>Header Files</Filter>
    </ClInclude>
    <ClInclude Include="LabSound\core\AudioParamTimeline.h">
      <Filter>Header Files</Filter>
    </ClInclude>
    <ClInclude Include="LabSound\core\AudioProcessor.h">
      <Filter>Header Files</Filter>
    </ClInclude>
    <ClInclude Include="LabSound\core\AudioScheduledSourceNode.h">
      <Filter>Header Files</Filter>
    </ClInclude>
    <ClInclude Include="LabSound\core\AudioSetting.h">
      <Filter>Header Files</Filter>
    </ClInclude>
    <ClInclude Include="LabSound\core\AudioSettingDescriptor.h">
      <Filter>Header Files</Filter>
    </ClInclude>
    <ClInclude Include="LabSound\core\AudioSourceProvider.h">
      <Filter>Header Files</Filter>
    </ClInclude>
    <ClInclude Include="LabSound\core\AudioSummingJunction.h">
      <Filter>Header Files</Filter>
    </ClInclude>
    <ClInclude Include="LabSound\core\BiquadFilterNode.h">
      <Filter>Header Files</Filter>
    </ClInclude>
    <ClInclude Include="LabSound\core\ChannelMergerNode.h">
      <Filter>Header Files</Filter>
    </ClInclude>
    <ClInclude Include="LabSound\core\ChannelSplitterNode.h">
      <Filter>Header Files</Filter>
    </ClInclude>
    <ClInclude Include="LabSound\core\ConcurrentQueue.h">
      <Filter>Header Files</Filter>
    </ClInclude>
    <ClInclude Include="LabSound\core\ConstantSourceNode.h">
      <Filter>Header Files</Filter>
    </ClInclude>
    <ClInclude Include="LabSound\core\ConvolverNode.h">
      <Filter>Header Files</Filter>
    </ClInclude>
    <ClInclude Include="LabSound\core\DelayNode.h">
      <Filter>Header Files</Filter>
    </ClInclude>
    <ClInclude Include="LabSound\core\DynamicsCompressorNode.h">
      <Filter>Header Files</Filter>
    </ClInclude>
    <ClInclude Include="LabSound\core\FloatPoint3D.h">
      <Filter>Header Files</Filter>
    </ClInclude>
    <ClInclude Include="LabSound\core\GainNode.h">
      <Filter>Header Files</Filter>
    </ClInclude>
    <ClInclude Include="LabSound\core\Macros.h">
      <Filter>Header Files</Filter>
    </ClInclude>
    <ClInclude Include="LabSound\core\Mixing.h">
      <Filter>Header Files</Filter>
    </ClInclude>
    <ClInclude Include="LabSound\core\OscillatorNode.h">
      <Filter>Header Files</Filter>
    </ClInclude>
    <ClInclude Include="LabSound\core\PannerNode.h">
      <Filter>Header Files</Filter>
    </ClInclude>
    <ClInclude Include="LabSound\core\PeriodicWave.h">
      <Filter>Header Files</Filter>
    </ClInclude>
    <ClInclude Include="LabSound\core\Profiler.h">
      <Filter>Header Files</Filter>
    </ClInclude>
    <ClInclude Include="LabSound\core\SampledAudioNode.h">
      <Filter>Header Files</Filter>
    </ClInclude>
    <ClInclude Include="LabSound\core\StereoPannerNode.h">
      <Filter>Header Files</Filter>
    </ClInclude>
    <ClInclude Include="LabSound\core\WaveShaperNode.h">
      <Filter>Header Files</Filter>
    </ClInclude>
    <ClInclude Include="LabSound\core\WindowFunctions.h">
      <Filter>Header Files</Filter>
    </ClInclude>
    <ClInclude Include="LabSound\extended\ADSRNode.h">
      <Filter>Header Files</Filter>
    </ClInclude>
    <ClInclude Include="LabSound\extended\AudioContextLock.h">
      <Filter>Header Files</Filter>
    </ClInclude>
    <ClInclude Include="LabSound\extended\AudioFileReader.h">
      <Filter>Header Files</Filter>
    </ClInclude>
    <ClInclude Include="LabSound\extended\BPMDelayNode.h">
      <Filter>Header Files</Filter>
    </ClInclude>
    <ClInclude Include="LabSound\extended\ClipNode.h">
      <Filter>Header Files</Filter>
    </ClInclude>
    <ClInclude Include="LabSound\extended\DiodeNode.h">
      <Filter>Header Files</Filter>
    </ClInclude>
    <ClInclude Include="LabSound\extended\FunctionNode.h">
      <Filter>Header Files</Filter>
    </ClInclude>
    <ClInclude Include="LabSound\extended\GranulationNode.h">
      <Filter>Header Files</Filter>
    </ClInclude>
    <ClInclude Include="LabSound\extended\Logging.h">
      <Filter>Header Files</Filter>
    </ClInclude>
    <ClInclude Include="LabSound\extended\NoiseNode.h">
      <Filter>Header Files</Filter>
    </ClInclude>
    <ClInclude Include="LabSound\extended\PdNode.h">
      <Filter>Header Files</Filter>
    </ClInclude>
    <ClInclude Include="LabSound\extended\PeakCompNode.h">
      <Filter>Header Files</Filter>
    </ClInclude>
    <ClInclude Include="LabSound\extended\PingPongDelayNode.h">
      <Filter>Header Files</Filter>
    </ClInclude>
    <ClInclude Include="LabSound\extended\PolyBLEPNode.h">
      <Filter>Header Files</Filter>
    </ClInclude>
    <ClInclude Include="LabSound\extended\PowerMonitorNode.h">
      <Filter>Header Files</Filter>
    </ClInclude>
    <ClInclude Include="LabSound\extended\PWMNode.h">
      <Filter>Header Files</Filter>
    </ClInclude>
    <ClInclude Include="LabSound\extended\RealtimeAnalyser.h">
      <Filter>Header Files</Filter>
    </ClInclude>
    <ClInclude Include="LabSound\extended\RecorderNode.h">
      <Filter>Header Files</Filter>
    </ClInclude>
    <ClInclude Include="LabSound\extended\Registry.h">
      <Filter>Header Files</Filter>
    </ClInclude>
    <ClInclude Include="LabSound\extended\SfxrNode.h">
      <Filter>Header Files</Filter>
    </ClInclude>
    <ClInclude Include="LabSound\extended\SpatializationNode.h">
      <Filter>Header Files</Filter>
    </ClInclude>
    <ClInclude Include="LabSound\extended\SpectralMonitorNode.h">
      <Filter>Header Files</Filter>
    </ClInclude>
    <ClInclude Include="LabSound\extended\SupersawNode.h">
      <Filter>Header Files</Filter>
    </ClInclude>
    <ClInclude Include="LabSound\extended\Util.h">
      <Filter>Header Files</Filter>
    </ClInclude>
    <ClInclude Include="LabSound\extended\VectorMath.h">
      <Filter>Header Files</Filter>
    </ClInclude>
    <ClInclude Include="miniaudio.h">
      <Filter>Header Files</Filter>
    </ClInclude>
  </ItemGroup>
  <ItemGroup>
    <ClCompile Include="ngt.cpp">
      <Filter>Source Files</Filter>
    </ClCompile>
    <ClCompile Include="ngtreg.cpp">
      <Filter>Source Files</Filter>
    </ClCompile>
    <ClCompile Include="scriptstdstring\scriptstdstring.cpp">
      <Filter>Source Files</Filter>
    </ClCompile>
    <ClCompile Include="scriptbuilder\scriptbuilder.cpp">
      <Filter>Source Files</Filter>
    </ClCompile>
    <ClCompile Include="main.cpp">
      <Filter>Source Files</Filter>
    </ClCompile>
    <ClCompile Include="datetime\datetime.cpp">
      <Filter>Source Files</Filter>
    </ClCompile>
    <ClCompile Include="scriptany\scriptany.cpp">
      <Filter>Source Files</Filter>
    </ClCompile>
    <ClCompile Include="scriptarray\scriptarray.cpp">
      <Filter>Source Files</Filter>
    </ClCompile>
    <ClCompile Include="scriptdictionary\scriptdictionary.cpp">
      <Filter>Source Files</Filter>
    </ClCompile>
    <ClCompile Include="scriptfile\scriptfile.cpp">
      <Filter>Source Files</Filter>
    </ClCompile>
    <ClCompile Include="scriptfile\scriptfilesystem.cpp">
      <Filter>Source Files</Filter>
    </ClCompile>
    <ClCompile Include="scriptgrid\scriptgrid.cpp">
      <Filter>Source Files</Filter>
    </ClCompile>
    <ClCompile Include="scripthandle\scripthandle.cpp">
      <Filter>Source Files</Filter>
    </ClCompile>
    <ClCompile Include="scripthelper\scripthelper.cpp">
      <Filter>Source Files</Filter>
    </ClCompile>
    <ClCompile Include="scriptmath\scriptmath.cpp">
      <Filter>Source Files</Filter>
    </ClCompile>
    <ClCompile Include="serializer\serializer.cpp">
      <Filter>Source Files</Filter>
    </ClCompile>
    <ClCompile Include="scriptmath\scriptmathcomplex.cpp">
      <Filter>Source Files</Filter>
    </ClCompile>
    <ClCompile Include="scriptstdstring\scriptstdstring_utils.cpp">
      <Filter>Source Files</Filter>
    </ClCompile>
    <ClCompile Include="stb_vorbis.c">
      <Filter>Source Files</Filter>
    </ClCompile>
    <ClCompile Include="stb_vorbis.h">
      <Filter>Header Files</Filter>
    </ClCompile>
    <ClCompile Include="sqlite3.c">
      <Filter>Source Files</Filter>
    </ClCompile>
    <ClCompile Include="sound.cpp">
      <Filter>Source Files</Filter>
    </ClCompile>
    <ClCompile Include="debugger\debugger.cpp">
      <Filter>Source Files</Filter>
    </ClCompile>
  </ItemGroup>
  <ItemGroup>
    <None Include="ogg\config_types.h.in">
      <Filter>Header Files</Filter>
    </None>
  </ItemGroup>
</Project>