<?xml version="1.0" encoding="utf-8"?>
<Project ToolsVersion="4.0" xmlns="http://schemas.microsoft.com/developer/msbuild/2003">
  <ItemGroup>
    <Filter Include="Source Files">
      <UniqueIdentifier>{4FC737F1-C7A5-4376-A066-2A32D752A2FF}</UniqueIdentifier>
      <Extensions>cpp;c;cc;cxx;c++;cppm;ixx;def;odl;idl;hpj;bat;asm;asmx</Extensions>
    </Filter>
    <Filter Include="Header Files">
      <UniqueIdentifier>{93995380-89BD-4b04-88EB-625FBE52EBFB}</UniqueIdentifier>
      <Extensions>h;hh;hpp;hxx;h++;hm;inl;inc;ipp;xsd</Extensions>
    </Filter>
    <Filter Include="Resource Files">
      <UniqueIdentifier>{67DA6AB6-F800-4c08-8B7A-83BB121AAD01}</UniqueIdentifier>
      <Extensions>rc;ico;cur;bmp;dlg;rc2;rct;bin;rgs;gif;jpg;jpeg;jpe;resx;tiff;tif;png;wav;mfcribbon-ms</Extensions>
    </Filter>
  </ItemGroup>
  <ItemGroup>
    <ClInclude Include="angelscript.h">
      <Filter>Header Files</Filter>
    </ClInclude>
    <ClInclude Include="bass.h">
      <Filter>Header Files</Filter>
    </ClInclude>
    <ClInclude Include="ngt.h">
      <Filter>Header Files</Filter>
    </ClInclude>
    <ClInclude Include="nvdaController.h">
      <Filter>Header Files</Filter>
    </ClInclude>
    <ClInclude Include="scriptstdstring\scriptstdstring.h">
      <Filter>Header Files</Filter>
    </ClInclude>
    <ClInclude Include="scriptbuilder\scriptbuilder.h">
      <Filter>Header Files</Filter>
    </ClInclude>
    <ClInclude Include="ngtreg.h">
      <Filter>Header Files</Filter>
    </ClInclude>
    <ClInclude Include="ByteCode.h">
      <Filter>Header Files</Filter>
    </ClInclude>
    <ClInclude Include="contextmgr\contextmgr.h">
      <Filter>Header Files</Filter>
    </ClInclude>
    <ClInclude Include="datetime\datetime.h">
      <Filter>Header Files</Filter>
    </ClInclude>
    <ClInclude Include="scriptany\scriptany.h">
      <Filter>Header Files</Filter>
    </ClInclude>
    <ClInclude Include="scriptarray\scriptarray.h">
      <Filter>Header Files</Filter>
    </ClInclude>
    <ClInclude Include="scriptdictionary\scriptdictionary.h">
      <Filter>Header Files</Filter>
    </ClInclude>
    <ClInclude Include="scriptfile\scriptfile.h">
      <Filter>Header Files</Filter>
    </ClInclude>
    <ClInclude Include="scriptfile\scriptfilesystem.h">
      <Filter>Header Files</Filter>
    </ClInclude>
    <ClInclude Include="scriptgrid\scriptgrid.h">
      <Filter>Header Files</Filter>
    </ClInclude>
    <ClInclude Include="scripthandle\scripthandle.h">
      <Filter>Header Files</Filter>
    </ClInclude>
    <ClInclude Include="scripthelper\scripthelper.h">
      <Filter>Header Files</Filter>
    </ClInclude>
    <ClInclude Include="scriptmath\scriptmathcomplex.h">
      <Filter>Header Files</Filter>
    </ClInclude>
    <ClInclude Include="scriptmath\scriptmath.h">
      <Filter>Header Files</Filter>
    </ClInclude>
    <ClInclude Include="serializer\serializer.h">
      <Filter>Header Files</Filter>
    </ClInclude>
    <ClInclude Include="autowrapper\aswrappedcall.h">
      <Filter>Header Files</Filter>
    </ClInclude>
    <ClInclude Include="phonon_interfaces.h">
      <Filter>Header Files</Filter>
    </ClInclude>
    <ClInclude Include="phonon_version.h">
      <Filter>Header Files</Filter>
    </ClInclude>
    <ClInclude Include="phonon.h">
      <Filter>Header Files</Filter>
    </ClInclude>
  </ItemGroup>
  <ItemGroup>
    <ClCompile Include="ngt.cpp">
      <Filter>Source Files</Filter>
    </ClCompile>
    <ClCompile Include="ngtreg.cpp">
      <Filter>Source Files</Filter>
    </ClCompile>
    <ClCompile Include="scriptstdstring\scriptstdstring.cpp">
      <Filter>Source Files</Filter>
    </ClCompile>
    <ClCompile Include="scriptbuilder\scriptbuilder.cpp">
      <Filter>Source Files</Filter>
    </ClCompile>
    <ClCompile Include="main.cpp">
      <Filter>Source Files</Filter>
    </ClCompile>
    <ClCompile Include="ByteCode.cpp">
      <Filter>Source Files</Filter>
    </ClCompile>
    <ClCompile Include="contextmgr\contextmgr.cpp">
      <Filter>Source Files</Filter>
    </ClCompile>
    <ClCompile Include="datetime\datetime.cpp">
      <Filter>Source Files</Filter>
    </ClCompile>
    <ClCompile Include="scriptany\scriptany.cpp">
      <Filter>Source Files</Filter>
    </ClCompile>
    <ClCompile Include="scriptarray\scriptarray.cpp">
      <Filter>Source Files</Filter>
    </ClCompile>
    <ClCompile Include="scriptdictionary\scriptdictionary.cpp">
      <Filter>Source Files</Filter>
    </ClCompile>
    <ClCompile Include="scriptfile\scriptfile.cpp">
      <Filter>Source Files</Filter>
    </ClCompile>
    <ClCompile Include="scriptfile\scriptfilesystem.cpp">
      <Filter>Source Files</Filter>
    </ClCompile>
    <ClCompile Include="scriptgrid\scriptgrid.cpp">
      <Filter>Source Files</Filter>
    </ClCompile>
    <ClCompile Include="scripthandle\scripthandle.cpp">
      <Filter>Source Files</Filter>
    </ClCompile>
    <ClCompile Include="scripthelper\scripthelper.cpp">
      <Filter>Source Files</Filter>
    </ClCompile>
    <ClCompile Include="scriptmath\scriptmath.cpp">
      <Filter>Source Files</Filter>
    </ClCompile>
    <ClCompile Include="serializer\serializer.cpp">
      <Filter>Source Files</Filter>
    </ClCompile>
    <ClCompile Include="scriptmath\scriptmathcomplex.cpp">
      <Filter>Source Files</Filter>
    </ClCompile>
    <ClCompile Include="scriptstdstring\scriptstdstring_utils.cpp">
      <Filter>Source Files</Filter>
    </ClCompile>
  </ItemGroup>
</Project>